
Microsoft Visual Studio Solution File, Format Version 12.00
# Visual Studio Version 17
VisualStudioVersion = 17.9.34723.18
MinimumVisualStudioVersion = 10.0.40219.1
Project("{FAE04EC0-301F-11D3-BF4B-00C04F79EFBC}") = "HelloWorld.Api", "HelloWorld.Api\HelloWorld.Api.csproj", "{C093EAE7-0C35-4C7C-9C53-CA07F3F9EFB9}"
EndProject
Global
	GlobalSection(SolutionConfigurationPlatforms) = preSolution
		Debug|Any CPU = Debug|Any CPU
		Release|Any CPU = Release|Any CPU
	EndGlobalSection
	GlobalSection(ProjectConfigurationPlatforms) = postSolution
		{C093EAE7-0C35-4C7C-9C53-CA07F3F9EFB9}.Debug|Any CPU.ActiveCfg = Debug|Any CPU
		{C093EAE7-0C35-4C7C-9C53-CA07F3F9EFB9}.Debug|Any CPU.Build.0 = Debug|Any CPU
		{C093EAE7-0C35-4C7C-9C53-CA07F3F9EFB9}.Release|Any CPU.ActiveCfg = Release|Any CPU
		{C093EAE7-0C35-4C7C-9C53-CA07F3F9EFB9}.Release|Any CPU.Build.0 = Release|Any CPU
	EndGlobalSection
	GlobalSection(SolutionProperties) = preSolution
		HideSolutionNode = FALSE
	EndGlobalSection
	GlobalSection(ExtensibilityGlobals) = postSolution
		SolutionGuid = {05B06538-6D59-405D-A37E-6266A39C41D4}
	EndGlobalSection
EndGlobal
